
Microsoft Visual Studio Solution File, Format Version 12.00
# Visual Studio Express 2013 for Windows Desktop
VisualStudioVersion = 12.0.31101.0
MinimumVisualStudioVersion = 10.0.40219.1
Project("{8BC9CEB8-8B4A-11D0-8D11-00A0C91BC942}") = "TradingSimulator", "TradingSimulator.vcxproj", "{669F15DB-4BA1-4711-98EE-6548F9AD1FD6}"
EndProject
Project("{8BC9CEB8-8B4A-11D0-8D11-00A0C91BC942}") = "UnitTests", "UnitTests.vcxproj", "{2EDA01F0-D660-469C-8AEE-1D50F785ADEA}"
EndProject
Global
	GlobalSection(SolutionConfigurationPlatforms) = preSolution
		Debug|Win32 = Debug|Win32
		Release|Win32 = Release|Win32
	EndGlobalSection
	GlobalSection(ProjectConfigurationPlatforms) = postSolution
		{669F15DB-4BA1-4711-98EE-6548F9AD1FD6}.Debug|Win32.ActiveCfg = Debug|Win32
		{669F15DB-4BA1-4711-98EE-6548F9AD1FD6}.Debug|Win32.Build.0 = Debug|Win32
		{669F15DB-4BA1-4711-98EE-6548F9AD1FD6}.Release|Win32.ActiveCfg = Release|Win32
		{669F15DB-4BA1-4711-98EE-6548F9AD1FD6}.Release|Win32.Build.0 = Release|Win32
		{2EDA01F0-D660-469C-8AEE-1D50F785ADEA}.Debug|Win32.ActiveCfg = Debug|Win32
		{2EDA01F0-D660-469C-8AEE-1D50F785ADEA}.Debug|Win32.Build.0 = Debug|Win32
		{2EDA01F0-D660-469C-8AEE-1D50F785ADEA}.Release|Win32.ActiveCfg = Release|Win32
		{2EDA01F0-D660-469C-8AEE-1D50F785ADEA}.Release|Win32.Build.0 = Release|Win32
	EndGlobalSection
	GlobalSection(SolutionProperties) = preSolution
		HideSolutionNode = FALSE
	EndGlobalSection
EndGlobal
